
Microsoft Visual Studio Solution File, Format Version 12.00
# Visual Studio 15
VisualStudioVersion = 15.0.28010.2016
MinimumVisualStudioVersion = 10.0.40219.1
Project("{FAE04EC0-301F-11D3-BF4B-00C04F79EFBC}") = "ConsoleApp1", "ConsoleApp1\ConsoleApp1.csproj", "{AC14B0EE-16AB-4A1C-900D-9DB6E23F858C}"
EndProject
Global
	GlobalSection(SolutionConfigurationPlatforms) = preSolution
		Debug|Any CPU = Debug|Any CPU
		Release|Any CPU = Release|Any CPU
	EndGlobalSection
	GlobalSection(ProjectConfigurationPlatforms) = postSolution
		{AC14B0EE-16AB-4A1C-900D-9DB6E23F858C}.Debug|Any CPU.ActiveCfg = Debug|Any CPU
		{AC14B0EE-16AB-4A1C-900D-9DB6E23F858C}.Debug|Any CPU.Build.0 = Debug|Any CPU
		{AC14B0EE-16AB-4A1C-900D-9DB6E23F858C}.Release|Any CPU.ActiveCfg = Release|Any CPU
		{AC14B0EE-16AB-4A1C-900D-9DB6E23F858C}.Release|Any CPU.Build.0 = Release|Any CPU
	EndGlobalSection
	GlobalSection(SolutionProperties) = preSolution
		HideSolutionNode = FALSE
	EndGlobalSection
	GlobalSection(ExtensibilityGlobals) = postSolution
		SolutionGuid = {BB0676CB-3EEA-472D-82D4-B277CC5DA6BB}
	EndGlobalSection
EndGlobal
